// !$*UTF8*$!
{
	archiveVersion = 1;
	classes = {
	};
	objectVersion = 56;
	objects = {

/* Begin PBXBuildFile section */
		0008B0082AAEB80C006C907C /* Template.swift in Sources */ = {isa = PBXBuildFile; fileRef = 0008B0072AAEB80C006C907C /* Template.swift */; };
		00AE0F5E2AAE8EF100ACB215 /* HomeView.swift in Sources */ = {isa = PBXBuildFile; fileRef = 00AE0F5D2AAE8EF100ACB215 /* HomeView.swift */; };
		00AE0F602AAE8F0600ACB215 /* StartWorkoutView.swift in Sources */ = {isa = PBXBuildFile; fileRef = 00AE0F5F2AAE8F0600ACB215 /* StartWorkoutView.swift */; };
		00AE0F622AAE8F1300ACB215 /* HistoryView.swift in Sources */ = {isa = PBXBuildFile; fileRef = 00AE0F612AAE8F1300ACB215 /* HistoryView.swift */; };
		00AE0F662AAEADFB00ACB215 /* TemplatesGridViewModel.swift in Sources */ = {isa = PBXBuildFile; fileRef = 00AE0F652AAEADFB00ACB215 /* TemplatesGridViewModel.swift */; };
		00AE0F682AAEB2E900ACB215 /* TemplateDetailView.swift in Sources */ = {isa = PBXBuildFile; fileRef = 00AE0F672AAEB2E900ACB215 /* TemplateDetailView.swift */; };
		00AE0F6A2AAEB34D00ACB215 /* XDismissButton.swift in Sources */ = {isa = PBXBuildFile; fileRef = 00AE0F692AAEB34D00ACB215 /* XDismissButton.swift */; };
		00D4C6E72AA6FA7000A4AB4B /* GymLizardApp.swift in Sources */ = {isa = PBXBuildFile; fileRef = 00D4C6E62AA6FA7000A4AB4B /* GymLizardApp.swift */; };
		00D4C6EC2AA6FA7000A4AB4B /* Gym_Lizard.xcdatamodeld in Sources */ = {isa = PBXBuildFile; fileRef = 00D4C6EA2AA6FA7000A4AB4B /* Gym_Lizard.xcdatamodeld */; };
		00D4C6EE2AA6FA7000A4AB4B /* GymLizardTabView.swift in Sources */ = {isa = PBXBuildFile; fileRef = 00D4C6ED2AA6FA7000A4AB4B /* GymLizardTabView.swift */; };
		00D4C6F02AA6FA7300A4AB4B /* Assets.xcassets in Resources */ = {isa = PBXBuildFile; fileRef = 00D4C6EF2AA6FA7300A4AB4B /* Assets.xcassets */; };
		00D4C6F42AA6FA7300A4AB4B /* Preview Assets.xcassets in Resources */ = {isa = PBXBuildFile; fileRef = 00D4C6F32AA6FA7300A4AB4B /* Preview Assets.xcassets */; };
/* End PBXBuildFile section */

/* Begin PBXFileReference section */
		0008B0072AAEB80C006C907C /* Template.swift */ = {isa = PBXFileReference; lastKnownFileType = sourcecode.swift; path = Template.swift; sourceTree = "<group>"; };
		00AE0F5D2AAE8EF100ACB215 /* HomeView.swift */ = {isa = PBXFileReference; lastKnownFileType = sourcecode.swift; path = HomeView.swift; sourceTree = "<group>"; };
		00AE0F5F2AAE8F0600ACB215 /* StartWorkoutView.swift */ = {isa = PBXFileReference; lastKnownFileType = sourcecode.swift; path = StartWorkoutView.swift; sourceTree = "<group>"; };
		00AE0F612AAE8F1300ACB215 /* HistoryView.swift */ = {isa = PBXFileReference; lastKnownFileType = sourcecode.swift; path = HistoryView.swift; sourceTree = "<group>"; };
		00AE0F652AAEADFB00ACB215 /* TemplatesGridViewModel.swift */ = {isa = PBXFileReference; lastKnownFileType = sourcecode.swift; path = TemplatesGridViewModel.swift; sourceTree = "<group>"; };
		00AE0F672AAEB2E900ACB215 /* TemplateDetailView.swift */ = {isa = PBXFileReference; lastKnownFileType = sourcecode.swift; path = TemplateDetailView.swift; sourceTree = "<group>"; };
		00AE0F692AAEB34D00ACB215 /* XDismissButton.swift */ = {isa = PBXFileReference; lastKnownFileType = sourcecode.swift; path = XDismissButton.swift; sourceTree = "<group>"; };
		00D4C6E32AA6FA7000A4AB4B /* Gym Lizard.app */ = {isa = PBXFileReference; explicitFileType = wrapper.application; includeInIndex = 0; path = "Gym Lizard.app"; sourceTree = BUILT_PRODUCTS_DIR; };
		00D4C6E62AA6FA7000A4AB4B /* GymLizardApp.swift */ = {isa = PBXFileReference; lastKnownFileType = sourcecode.swift; path = GymLizardApp.swift; sourceTree = "<group>"; };
		00D4C6EB2AA6FA7000A4AB4B /* Gym_Lizard.xcdatamodel */ = {isa = PBXFileReference; lastKnownFileType = wrapper.xcdatamodel; path = Gym_Lizard.xcdatamodel; sourceTree = "<group>"; };
		00D4C6ED2AA6FA7000A4AB4B /* GymLizardTabView.swift */ = {isa = PBXFileReference; lastKnownFileType = sourcecode.swift; path = GymLizardTabView.swift; sourceTree = "<group>"; };
		00D4C6EF2AA6FA7300A4AB4B /* Assets.xcassets */ = {isa = PBXFileReference; lastKnownFileType = folder.assetcatalog; path = Assets.xcassets; sourceTree = "<group>"; };
		00D4C6F12AA6FA7300A4AB4B /* Gym_Lizard.entitlements */ = {isa = PBXFileReference; lastKnownFileType = text.plist.entitlements; path = Gym_Lizard.entitlements; sourceTree = "<group>"; };
		00D4C6F32AA6FA7300A4AB4B /* Preview Assets.xcassets */ = {isa = PBXFileReference; lastKnownFileType = folder.assetcatalog; path = "Preview Assets.xcassets"; sourceTree = "<group>"; };
/* End PBXFileReference section */

/* Begin PBXFrameworksBuildPhase section */
		00D4C6E02AA6FA7000A4AB4B /* Frameworks */ = {
			isa = PBXFrameworksBuildPhase;
			buildActionMask = 2147483647;
			files = (
			);
			runOnlyForDeploymentPostprocessing = 0;
		};
/* End PBXFrameworksBuildPhase section */

/* Begin PBXGroup section */
		0008B0062AAEB7FF006C907C /* Model */ = {
			isa = PBXGroup;
			children = (
				0008B0072AAEB80C006C907C /* Template.swift */,
			);
			path = Model;
			sourceTree = "<group>";
		};
		0008B0092AAEBDBD006C907C /* Views */ = {
			isa = PBXGroup;
			children = (
				0008B00C2AAECFDF006C907C /* View */,
				0008B00A2AAEBDCB006C907C /* Buttons */,
			);
			path = Views;
			sourceTree = "<group>";
		};
		0008B00A2AAEBDCB006C907C /* Buttons */ = {
			isa = PBXGroup;
			children = (
				00AE0F692AAEB34D00ACB215 /* XDismissButton.swift */,
			);
			path = Buttons;
			sourceTree = "<group>";
		};
		0008B00B2AAECFBF006C907C /* Screens */ = {
			isa = PBXGroup;
			children = (
				0008B00F2AAED054006C907C /* HistoryView */,
				0008B00E2AAED033006C907C /* StartWorkoutView */,
				0008B00D2AAED027006C907C /* HomeView */,
			);
			path = Screens;
			sourceTree = "<group>";
		};
		0008B00C2AAECFDF006C907C /* View */ = {
			isa = PBXGroup;
			children = (
				00AE0F672AAEB2E900ACB215 /* TemplateDetailView.swift */,
			);
			path = View;
			sourceTree = "<group>";
		};
		0008B00D2AAED027006C907C /* HomeView */ = {
			isa = PBXGroup;
			children = (
				00AE0F5D2AAE8EF100ACB215 /* HomeView.swift */,
			);
			path = HomeView;
			sourceTree = "<group>";
		};
		0008B00E2AAED033006C907C /* StartWorkoutView */ = {
			isa = PBXGroup;
			children = (
				00AE0F5F2AAE8F0600ACB215 /* StartWorkoutView.swift */,
				00AE0F652AAEADFB00ACB215 /* TemplatesGridViewModel.swift */,
			);
			path = StartWorkoutView;
			sourceTree = "<group>";
		};
		0008B00F2AAED054006C907C /* HistoryView */ = {
			isa = PBXGroup;
			children = (
				00AE0F612AAE8F1300ACB215 /* HistoryView.swift */,
			);
			path = HistoryView;
			sourceTree = "<group>";
		};
		00D4C6DA2AA6FA7000A4AB4B = {
			isa = PBXGroup;
			children = (
				00D4C6E52AA6FA7000A4AB4B /* Gym Lizard */,
				00D4C6E42AA6FA7000A4AB4B /* Products */,
			);
			sourceTree = "<group>";
		};
		00D4C6E42AA6FA7000A4AB4B /* Products */ = {
			isa = PBXGroup;
			children = (
				00D4C6E32AA6FA7000A4AB4B /* Gym Lizard.app */,
			);
			name = Products;
			sourceTree = "<group>";
		};
		00D4C6E52AA6FA7000A4AB4B /* Gym Lizard */ = {
			isa = PBXGroup;
			children = (
				0008B00B2AAECFBF006C907C /* Screens */,
				0008B0092AAEBDBD006C907C /* Views */,
				0008B0062AAEB7FF006C907C /* Model */,
				00D4C6E62AA6FA7000A4AB4B /* GymLizardApp.swift */,
				00D4C6ED2AA6FA7000A4AB4B /* GymLizardTabView.swift */,
				00D4C6EF2AA6FA7300A4AB4B /* Assets.xcassets */,
				00D4C6F12AA6FA7300A4AB4B /* Gym_Lizard.entitlements */,
				00D4C6EA2AA6FA7000A4AB4B /* Gym_Lizard.xcdatamodeld */,
				00D4C6F22AA6FA7300A4AB4B /* Preview Content */,
			);
			path = "Gym Lizard";
			sourceTree = "<group>";
		};
		00D4C6F22AA6FA7300A4AB4B /* Preview Content */ = {
			isa = PBXGroup;
			children = (
				00D4C6F32AA6FA7300A4AB4B /* Preview Assets.xcassets */,
			);
			path = "Preview Content";
			sourceTree = "<group>";
		};
/* End PBXGroup section */

/* Begin PBXNativeTarget section */
		00D4C6E22AA6FA7000A4AB4B /* Gym Lizard */ = {
			isa = PBXNativeTarget;
			buildConfigurationList = 00D4C6F72AA6FA7300A4AB4B /* Build configuration list for PBXNativeTarget "Gym Lizard" */;
			buildPhases = (
				00D4C6DF2AA6FA7000A4AB4B /* Sources */,
				00D4C6E02AA6FA7000A4AB4B /* Frameworks */,
				00D4C6E12AA6FA7000A4AB4B /* Resources */,
			);
			buildRules = (
			);
			dependencies = (
			);
			name = "Gym Lizard";
			productName = "Gym Lizard";
			productReference = 00D4C6E32AA6FA7000A4AB4B /* Gym Lizard.app */;
			productType = "com.apple.product-type.application";
		};
/* End PBXNativeTarget section */

/* Begin PBXProject section */
		00D4C6DB2AA6FA7000A4AB4B /* Project object */ = {
			isa = PBXProject;
			attributes = {
				BuildIndependentTargetsInParallel = 1;
				LastSwiftUpdateCheck = 1430;
				LastUpgradeCheck = 1430;
				TargetAttributes = {
					00D4C6E22AA6FA7000A4AB4B = {
						CreatedOnToolsVersion = 14.3.1;
					};
				};
			};
			buildConfigurationList = 00D4C6DE2AA6FA7000A4AB4B /* Build configuration list for PBXProject "Gym Lizard" */;
			compatibilityVersion = "Xcode 14.0";
			developmentRegion = en;
			hasScannedForEncodings = 0;
			knownRegions = (
				en,
				Base,
			);
			mainGroup = 00D4C6DA2AA6FA7000A4AB4B;
			productRefGroup = 00D4C6E42AA6FA7000A4AB4B /* Products */;
			projectDirPath = "";
			projectRoot = "";
			targets = (
				00D4C6E22AA6FA7000A4AB4B /* Gym Lizard */,
			);
		};
/* End PBXProject section */

/* Begin PBXResourcesBuildPhase section */
		00D4C6E12AA6FA7000A4AB4B /* Resources */ = {
			isa = PBXResourcesBuildPhase;
			buildActionMask = 2147483647;
			files = (
				00D4C6F42AA6FA7300A4AB4B /* Preview Assets.xcassets in Resources */,
				00D4C6F02AA6FA7300A4AB4B /* Assets.xcassets in Resources */,
			);
			runOnlyForDeploymentPostprocessing = 0;
		};
/* End PBXResourcesBuildPhase section */

/* Begin PBXSourcesBuildPhase section */
		00D4C6DF2AA6FA7000A4AB4B /* Sources */ = {
			isa = PBXSourcesBuildPhase;
			buildActionMask = 2147483647;
			files = (
				00AE0F662AAEADFB00ACB215 /* TemplatesGridViewModel.swift in Sources */,
				00D4C6E72AA6FA7000A4AB4B /* GymLizardApp.swift in Sources */,
				00AE0F6A2AAEB34D00ACB215 /* XDismissButton.swift in Sources */,
				00AE0F622AAE8F1300ACB215 /* HistoryView.swift in Sources */,
				00AE0F5E2AAE8EF100ACB215 /* HomeView.swift in Sources */,
				0008B0082AAEB80C006C907C /* Template.swift in Sources */,
				00D4C6EE2AA6FA7000A4AB4B /* GymLizardTabView.swift in Sources */,
				00AE0F682AAEB2E900ACB215 /* TemplateDetailView.swift in Sources */,
				00AE0F602AAE8F0600ACB215 /* StartWorkoutView.swift in Sources */,
				00D4C6EC2AA6FA7000A4AB4B /* Gym_Lizard.xcdatamodeld in Sources */,
			);
			runOnlyForDeploymentPostprocessing = 0;
		};
/* End PBXSourcesBuildPhase section */

/* Begin XCBuildConfiguration section */
		00D4C6F52AA6FA7300A4AB4B /* Debug */ = {
			isa = XCBuildConfiguration;
			buildSettings = {
				ALWAYS_SEARCH_USER_PATHS = NO;
				CLANG_ANALYZER_NONNULL = YES;
				CLANG_ANALYZER_NUMBER_OBJECT_CONVERSION = YES_AGGRESSIVE;
				CLANG_CXX_LANGUAGE_STANDARD = "gnu++20";
				CLANG_ENABLE_MODULES = YES;
				CLANG_ENABLE_OBJC_ARC = YES;
				CLANG_ENABLE_OBJC_WEAK = YES;
				CLANG_WARN_BLOCK_CAPTURE_AUTORELEASING = YES;
				CLANG_WARN_BOOL_CONVERSION = YES;
				CLANG_WARN_COMMA = YES;
				CLANG_WARN_CONSTANT_CONVERSION = YES;
				CLANG_WARN_DEPRECATED_OBJC_IMPLEMENTATIONS = YES;
				CLANG_WARN_DIRECT_OBJC_ISA_USAGE = YES_ERROR;
				CLANG_WARN_DOCUMENTATION_COMMENTS = YES;
				CLANG_WARN_EMPTY_BODY = YES;
				CLANG_WARN_ENUM_CONVERSION = YES;
				CLANG_WARN_INFINITE_RECURSION = YES;
				CLANG_WARN_INT_CONVERSION = YES;
				CLANG_WARN_NON_LITERAL_NULL_CONVERSION = YES;
				CLANG_WARN_OBJC_IMPLICIT_RETAIN_SELF = YES;
				CLANG_WARN_OBJC_LITERAL_CONVERSION = YES;
				CLANG_WARN_OBJC_ROOT_CLASS = YES_ERROR;
				CLANG_WARN_QUOTED_INCLUDE_IN_FRAMEWORK_HEADER = YES;
				CLANG_WARN_RANGE_LOOP_ANALYSIS = YES;
				CLANG_WARN_STRICT_PROTOTYPES = YES;
				CLANG_WARN_SUSPICIOUS_MOVE = YES;
				CLANG_WARN_UNGUARDED_AVAILABILITY = YES_AGGRESSIVE;
				CLANG_WARN_UNREACHABLE_CODE = YES;
				CLANG_WARN__DUPLICATE_METHOD_MATCH = YES;
				COPY_PHASE_STRIP = NO;
				DEBUG_INFORMATION_FORMAT = dwarf;
				ENABLE_STRICT_OBJC_MSGSEND = YES;
				ENABLE_TESTABILITY = YES;
				GCC_C_LANGUAGE_STANDARD = gnu11;
				GCC_DYNAMIC_NO_PIC = NO;
				GCC_NO_COMMON_BLOCKS = YES;
				GCC_OPTIMIZATION_LEVEL = 0;
				GCC_PREPROCESSOR_DEFINITIONS = (
					"DEBUG=1",
					"$(inherited)",
				);
				GCC_WARN_64_TO_32_BIT_CONVERSION = YES;
				GCC_WARN_ABOUT_RETURN_TYPE = YES_ERROR;
				GCC_WARN_UNDECLARED_SELECTOR = YES;
				GCC_WARN_UNINITIALIZED_AUTOS = YES_AGGRESSIVE;
				GCC_WARN_UNUSED_FUNCTION = YES;
				GCC_WARN_UNUSED_VARIABLE = YES;
				IPHONEOS_DEPLOYMENT_TARGET = 15.0;
				MTL_ENABLE_DEBUG_INFO = INCLUDE_SOURCE;
				MTL_FAST_MATH = YES;
				ONLY_ACTIVE_ARCH = YES;
				SWIFT_ACTIVE_COMPILATION_CONDITIONS = DEBUG;
				SWIFT_OPTIMIZATION_LEVEL = "-Onone";
			};
			name = Debug;
		};
		00D4C6F62AA6FA7300A4AB4B /* Release */ = {
			isa = XCBuildConfiguration;
			buildSettings = {
				ALWAYS_SEARCH_USER_PATHS = NO;
				CLANG_ANALYZER_NONNULL = YES;
				CLANG_ANALYZER_NUMBER_OBJECT_CONVERSION = YES_AGGRESSIVE;
				CLANG_CXX_LANGUAGE_STANDARD = "gnu++20";
				CLANG_ENABLE_MODULES = YES;
				CLANG_ENABLE_OBJC_ARC = YES;
				CLANG_ENABLE_OBJC_WEAK = YES;
				CLANG_WARN_BLOCK_CAPTURE_AUTORELEASING = YES;
				CLANG_WARN_BOOL_CONVERSION = YES;
				CLANG_WARN_COMMA = YES;
				CLANG_WARN_CONSTANT_CONVERSION = YES;
				CLANG_WARN_DEPRECATED_OBJC_IMPLEMENTATIONS = YES;
				CLANG_WARN_DIRECT_OBJC_ISA_USAGE = YES_ERROR;
				CLANG_WARN_DOCUMENTATION_COMMENTS = YES;
				CLANG_WARN_EMPTY_BODY = YES;
				CLANG_WARN_ENUM_CONVERSION = YES;
				CLANG_WARN_INFINITE_RECURSION = YES;
				CLANG_WARN_INT_CONVERSION = YES;
				CLANG_WARN_NON_LITERAL_NULL_CONVERSION = YES;
				CLANG_WARN_OBJC_IMPLICIT_RETAIN_SELF = YES;
				CLANG_WARN_OBJC_LITERAL_CONVERSION = YES;
				CLANG_WARN_OBJC_ROOT_CLASS = YES_ERROR;
				CLANG_WARN_QUOTED_INCLUDE_IN_FRAMEWORK_HEADER = YES;
				CLANG_WARN_RANGE_LOOP_ANALYSIS = YES;
				CLANG_WARN_STRICT_PROTOTYPES = YES;
				CLANG_WARN_SUSPICIOUS_MOVE = YES;
				CLANG_WARN_UNGUARDED_AVAILABILITY = YES_AGGRESSIVE;
				CLANG_WARN_UNREACHABLE_CODE = YES;
				CLANG_WARN__DUPLICATE_METHOD_MATCH = YES;
				COPY_PHASE_STRIP = NO;
				DEBUG_INFORMATION_FORMAT = "dwarf-with-dsym";
				ENABLE_NS_ASSERTIONS = NO;
				ENABLE_STRICT_OBJC_MSGSEND = YES;
				GCC_C_LANGUAGE_STANDARD = gnu11;
				GCC_NO_COMMON_BLOCKS = YES;
				GCC_WARN_64_TO_32_BIT_CONVERSION = YES;
				GCC_WARN_ABOUT_RETURN_TYPE = YES_ERROR;
				GCC_WARN_UNDECLARED_SELECTOR = YES;
				GCC_WARN_UNINITIALIZED_AUTOS = YES_AGGRESSIVE;
				GCC_WARN_UNUSED_FUNCTION = YES;
				GCC_WARN_UNUSED_VARIABLE = YES;
				IPHONEOS_DEPLOYMENT_TARGET = 15.0;
				MTL_ENABLE_DEBUG_INFO = NO;
				MTL_FAST_MATH = YES;
				SWIFT_COMPILATION_MODE = wholemodule;
				SWIFT_OPTIMIZATION_LEVEL = "-O";
			};
			name = Release;
		};
		00D4C6F82AA6FA7300A4AB4B /* Debug */ = {
			isa = XCBuildConfiguration;
			buildSettings = {
				ASSETCATALOG_COMPILER_APPICON_NAME = AppIcon;
				ASSETCATALOG_COMPILER_GLOBAL_ACCENT_COLOR_NAME = AccentColor;
				CODE_SIGN_ENTITLEMENTS = "Gym Lizard/Gym_Lizard.entitlements";
				CODE_SIGN_STYLE = Automatic;
				CURRENT_PROJECT_VERSION = 1;
				DEVELOPMENT_ASSET_PATHS = "\"Gym Lizard/Preview Content\"";
				DEVELOPMENT_TEAM = 3G76HZFWN6;
				ENABLE_HARDENED_RUNTIME = YES;
				ENABLE_PREVIEWS = YES;
				GENERATE_INFOPLIST_FILE = YES;
				"INFOPLIST_KEY_UIApplicationSceneManifest_Generation[sdk=iphoneos*]" = YES;
				"INFOPLIST_KEY_UIApplicationSceneManifest_Generation[sdk=iphonesimulator*]" = YES;
				"INFOPLIST_KEY_UIApplicationSupportsIndirectInputEvents[sdk=iphoneos*]" = YES;
				"INFOPLIST_KEY_UIApplicationSupportsIndirectInputEvents[sdk=iphonesimulator*]" = YES;
				"INFOPLIST_KEY_UILaunchScreen_Generation[sdk=iphoneos*]" = YES;
				"INFOPLIST_KEY_UILaunchScreen_Generation[sdk=iphonesimulator*]" = YES;
				"INFOPLIST_KEY_UIStatusBarStyle[sdk=iphoneos*]" = UIStatusBarStyleDefault;
				"INFOPLIST_KEY_UIStatusBarStyle[sdk=iphonesimulator*]" = UIStatusBarStyleDefault;
				INFOPLIST_KEY_UISupportedInterfaceOrientations_iPad = "UIInterfaceOrientationPortrait UIInterfaceOrientationPortraitUpsideDown UIInterfaceOrientationLandscapeLeft UIInterfaceOrientationLandscapeRight";
				INFOPLIST_KEY_UISupportedInterfaceOrientations_iPhone = "UIInterfaceOrientationPortrait UIInterfaceOrientationLandscapeLeft UIInterfaceOrientationLandscapeRight";
				IPHONEOS_DEPLOYMENT_TARGET = 15.0;
				LD_RUNPATH_SEARCH_PATHS = "@executable_path/Frameworks";
				"LD_RUNPATH_SEARCH_PATHS[sdk=macosx*]" = "@executable_path/../Frameworks";
				MACOSX_DEPLOYMENT_TARGET = 13.3;
				MARKETING_VERSION = 1.0;
				PRODUCT_BUNDLE_IDENTIFIER = com.gabrielmagallanes.gymlizard;
				PRODUCT_NAME = "$(TARGET_NAME)";
				SDKROOT = auto;
				SUPPORTED_PLATFORMS = "iphoneos iphonesimulator macosx";
				SWIFT_EMIT_LOC_STRINGS = YES;
				SWIFT_VERSION = 5.0;
				TARGETED_DEVICE_FAMILY = "1,2";
			};
			name = Debug;
		};
		00D4C6F92AA6FA7300A4AB4B /* Release */ = {
			isa = XCBuildConfiguration;
			buildSettings = {
				ASSETCATALOG_COMPILER_APPICON_NAME = AppIcon;
				ASSETCATALOG_COMPILER_GLOBAL_ACCENT_COLOR_NAME = AccentColor;
				CODE_SIGN_ENTITLEMENTS = "Gym Lizard/Gym_Lizard.entitlements";
				CODE_SIGN_STYLE = Automatic;
				CURRENT_PROJECT_VERSION = 1;
				DEVELOPMENT_ASSET_PATHS = "\"Gym Lizard/Preview Content\"";
				DEVELOPMENT_TEAM = 3G76HZFWN6;
				ENABLE_HARDENED_RUNTIME = YES;
				ENABLE_PREVIEWS = YES;
				GENERATE_INFOPLIST_FILE = YES;
				"INFOPLIST_KEY_UIApplicationSceneManifest_Generation[sdk=iphoneos*]" = YES;
				"INFOPLIST_KEY_UIApplicationSceneManifest_Generation[sdk=iphonesimulator*]" = YES;
				"INFOPLIST_KEY_UIApplicationSupportsIndirectInputEvents[sdk=iphoneos*]" = YES;
				"INFOPLIST_KEY_UIApplicationSupportsIndirectInputEvents[sdk=iphonesimulator*]" = YES;
				"INFOPLIST_KEY_UILaunchScreen_Generation[sdk=iphoneos*]" = YES;
				"INFOPLIST_KEY_UILaunchScreen_Generation[sdk=iphonesimulator*]" = YES;
				"INFOPLIST_KEY_UIStatusBarStyle[sdk=iphoneos*]" = UIStatusBarStyleDefault;
				"INFOPLIST_KEY_UIStatusBarStyle[sdk=iphonesimulator*]" = UIStatusBarStyleDefault;
				INFOPLIST_KEY_UISupportedInterfaceOrientations_iPad = "UIInterfaceOrientationPortrait UIInterfaceOrientationPortraitUpsideDown UIInterfaceOrientationLandscapeLeft UIInterfaceOrientationLandscapeRight";
				INFOPLIST_KEY_UISupportedInterfaceOrientations_iPhone = "UIInterfaceOrientationPortrait UIInterfaceOrientationLandscapeLeft UIInterfaceOrientationLandscapeRight";
				IPHONEOS_DEPLOYMENT_TARGET = 15.0;
				LD_RUNPATH_SEARCH_PATHS = "@executable_path/Frameworks";
				"LD_RUNPATH_SEARCH_PATHS[sdk=macosx*]" = "@executable_path/../Frameworks";
				MACOSX_DEPLOYMENT_TARGET = 13.3;
				MARKETING_VERSION = 1.0;
				PRODUCT_BUNDLE_IDENTIFIER = com.gabrielmagallanes.gymlizard;
				PRODUCT_NAME = "$(TARGET_NAME)";
				SDKROOT = auto;
				SUPPORTED_PLATFORMS = "iphoneos iphonesimulator macosx";
				SWIFT_EMIT_LOC_STRINGS = YES;
				SWIFT_VERSION = 5.0;
				TARGETED_DEVICE_FAMILY = "1,2";
			};
			name = Release;
		};
/* End XCBuildConfiguration section */

/* Begin XCConfigurationList section */
		00D4C6DE2AA6FA7000A4AB4B /* Build configuration list for PBXProject "Gym Lizard" */ = {
			isa = XCConfigurationList;
			buildConfigurations = (
				00D4C6F52AA6FA7300A4AB4B /* Debug */,
				00D4C6F62AA6FA7300A4AB4B /* Release */,
			);
			defaultConfigurationIsVisible = 0;
			defaultConfigurationName = Release;
		};
		00D4C6F72AA6FA7300A4AB4B /* Build configuration list for PBXNativeTarget "Gym Lizard" */ = {
			isa = XCConfigurationList;
			buildConfigurations = (
				00D4C6F82AA6FA7300A4AB4B /* Debug */,
				00D4C6F92AA6FA7300A4AB4B /* Release */,
			);
			defaultConfigurationIsVisible = 0;
			defaultConfigurationName = Release;
		};
/* End XCConfigurationList section */

/* Begin XCVersionGroup section */
		00D4C6EA2AA6FA7000A4AB4B /* Gym_Lizard.xcdatamodeld */ = {
			isa = XCVersionGroup;
			children = (
				00D4C6EB2AA6FA7000A4AB4B /* Gym_Lizard.xcdatamodel */,
			);
			currentVersion = 00D4C6EB2AA6FA7000A4AB4B /* Gym_Lizard.xcdatamodel */;
			path = Gym_Lizard.xcdatamodeld;
			sourceTree = "<group>";
			versionGroupType = wrapper.xcdatamodel;
		};
/* End XCVersionGroup section */
	};
	rootObject = 00D4C6DB2AA6FA7000A4AB4B /* Project object */;
}
